
Microsoft Visual Studio Solution File, Format Version 12.00
# Visual Studio Version 16
VisualStudioVersion = 16.0.29709.97
MinimumVisualStudioVersion = 10.0.40219.1
Project("{FAE04EC0-301F-11D3-BF4B-00C04F79EFBC}") = "BrokenApp.WebMVC", "BrokenApp.WebMVC\BrokenApp.WebMVC.csproj", "{C3315C34-DB07-49C4-817B-E82376FDDAAD}"
EndProject
Project("{FAE04EC0-301F-11D3-BF4B-00C04F79EFBC}") = "BrokenApp.Data", "BrokenApp.Data\BrokenApp.Data.csproj", "{B3692335-E060-4CDC-8B33-56B940A235BA}"
EndProject
Project("{FAE04EC0-301F-11D3-BF4B-00C04F79EFBC}") = "BrokenApp.Models", "BrokenApp.Models\BrokenApp.Models.csproj", "{4F1BDDC6-31D6-4CF4-A8A5-7FD6CD1F0569}"
EndProject
Project("{FAE04EC0-301F-11D3-BF4B-00C04F79EFBC}") = "BrokenApp.Services", "BrokenApp.Services\BrokenApp.Services.csproj", "{8AA73F6D-AE74-4D44-89C3-934CBF4E9322}"
EndProject
Global
	GlobalSection(SolutionConfigurationPlatforms) = preSolution
		Debug|Any CPU = Debug|Any CPU
		Release|Any CPU = Release|Any CPU
	EndGlobalSection
	GlobalSection(ProjectConfigurationPlatforms) = postSolution
		{C3315C34-DB07-49C4-817B-E82376FDDAAD}.Debug|Any CPU.ActiveCfg = Debug|Any CPU
		{C3315C34-DB07-49C4-817B-E82376FDDAAD}.Debug|Any CPU.Build.0 = Debug|Any CPU
		{C3315C34-DB07-49C4-817B-E82376FDDAAD}.Release|Any CPU.ActiveCfg = Release|Any CPU
		{C3315C34-DB07-49C4-817B-E82376FDDAAD}.Release|Any CPU.Build.0 = Release|Any CPU
		{B3692335-E060-4CDC-8B33-56B940A235BA}.Debug|Any CPU.ActiveCfg = Debug|Any CPU
		{B3692335-E060-4CDC-8B33-56B940A235BA}.Debug|Any CPU.Build.0 = Debug|Any CPU
		{B3692335-E060-4CDC-8B33-56B940A235BA}.Release|Any CPU.ActiveCfg = Release|Any CPU
		{B3692335-E060-4CDC-8B33-56B940A235BA}.Release|Any CPU.Build.0 = Release|Any CPU
		{4F1BDDC6-31D6-4CF4-A8A5-7FD6CD1F0569}.Debug|Any CPU.ActiveCfg = Debug|Any CPU
		{4F1BDDC6-31D6-4CF4-A8A5-7FD6CD1F0569}.Debug|Any CPU.Build.0 = Debug|Any CPU
		{4F1BDDC6-31D6-4CF4-A8A5-7FD6CD1F0569}.Release|Any CPU.ActiveCfg = Release|Any CPU
		{4F1BDDC6-31D6-4CF4-A8A5-7FD6CD1F0569}.Release|Any CPU.Build.0 = Release|Any CPU
		{8AA73F6D-AE74-4D44-89C3-934CBF4E9322}.Debug|Any CPU.ActiveCfg = Debug|Any CPU
		{8AA73F6D-AE74-4D44-89C3-934CBF4E9322}.Debug|Any CPU.Build.0 = Debug|Any CPU
		{8AA73F6D-AE74-4D44-89C3-934CBF4E9322}.Release|Any CPU.ActiveCfg = Release|Any CPU
		{8AA73F6D-AE74-4D44-89C3-934CBF4E9322}.Release|Any CPU.Build.0 = Release|Any CPU
	EndGlobalSection
	GlobalSection(SolutionProperties) = preSolution
		HideSolutionNode = FALSE
	EndGlobalSection
	GlobalSection(ExtensibilityGlobals) = postSolution
		SolutionGuid = {73E3364F-F3BA-471C-925F-BD0E31DCEAEF}
	EndGlobalSection
EndGlobal
